
Microsoft Visual Studio Solution File, Format Version 12.00
# Visual Studio Version 17
VisualStudioVersion = 17.1.32210.238
MinimumVisualStudioVersion = 10.0.40219.1
Project("{2150E333-8FDC-42A3-9474-1A3956D46DE8}") = "Security", "Security", "{D65F7456-F8DB-4EC0-8C03-C22961C80649}"
EndProject
Project("{2150E333-8FDC-42A3-9474-1A3956D46DE8}") = "Common", "Common", "{8A94E382-5E13-467F-9564-FFE47D0B4646}"
EndProject
Project("{2150E333-8FDC-42A3-9474-1A3956D46DE8}") = "DataService", "DataService", "{697C38AE-D094-4D77-BD08-C15BD1B2BB7B}"
EndProject
Project("{9A19103F-16F7-4668-BE54-9A1E7A4F7556}") = "Intuit.Ipp.Diagnostics", "IPPDotNetDevKitCSV3\Code\Intuit.Ipp.Diagnostics\Intuit.Ipp.Diagnostics.csproj", "{34F2D8E7-2239-4EE0-AE53-3B8F6B0513BB}"
EndProject
Project("{9A19103F-16F7-4668-BE54-9A1E7A4F7556}") = "Intuit.Ipp.Utility", "IPPDotNetDevKitCSV3\Code\Intuit.Ipp.Utility\Intuit.Ipp.Utility.csproj", "{1A06430B-308C-49CF-9620-70D4F7D8A501}"
EndProject
Project("{9A19103F-16F7-4668-BE54-9A1E7A4F7556}") = "Intuit.Ipp.Exception", "IPPDotNetDevKitCSV3\Code\Intuit.Ipp.Exception\Intuit.Ipp.Exception.csproj", "{0C815166-B7AC-45DF-AA48-0B026687228E}"
EndProject
Project("{2150E333-8FDC-42A3-9474-1A3956D46DE8}") = "API", "API", "{D1049A30-DC40-4FC8-923D-AF59779D1F94}"
EndProject
Project("{9A19103F-16F7-4668-BE54-9A1E7A4F7556}") = "Intuit.Ipp.DataService", "IPPDotNetDevKitCSV3\Code\Intuit.Ipp.DataService\Intuit.Ipp.DataService.csproj", "{2A5A9D95-9CE2-4726-A9E2-606838ABDCD1}"
EndProject
Project("{9A19103F-16F7-4668-BE54-9A1E7A4F7556}") = "Intuit.Ipp.QueryFilter", "IPPDotNetDevKitCSV3\Code\Intuit.Ipp.QueryFilter\Intuit.Ipp.QueryFilter.csproj", "{D479AB56-8F3E-4C3E-B641-048B3552DDA9}"
EndProject
Project("{9A19103F-16F7-4668-BE54-9A1E7A4F7556}") = "Intuit.Ipp.Core", "IPPDotNetDevKitCSV3\Code\Intuit.Ipp.Core\Intuit.Ipp.Core.csproj", "{2147FC87-D172-40A6-9D54-181515DAF7AC}"
EndProject
Project("{9A19103F-16F7-4668-BE54-9A1E7A4F7556}") = "Intuit.Ipp.Retry", "IPPDotNetDevKitCSV3\Code\Intuit.Ipp.Retry\Intuit.Ipp.Retry.csproj", "{12D82D75-ECEE-459D-A820-B6CD95B24449}"
EndProject
Project("{9A19103F-16F7-4668-BE54-9A1E7A4F7556}") = "Intuit.Ipp.Data", "IPPDotNetDevKitCSV3\Tools\XsdExtension\Intuit.Ipp.Data\Intuit.Ipp.Data.csproj", "{E54BBDFF-F3FB-4497-ACEC-7BC6F4404F71}"
EndProject
Project("{2150E333-8FDC-42A3-9474-1A3956D46DE8}") = "XSD", "XSD", "{711574A5-0FC7-4F42-BBBF-1CEBCF6E7C68}"
EndProject
Project("{9A19103F-16F7-4668-BE54-9A1E7A4F7556}") = "Intuit.Ipp.XsdExtension", "IPPDotNetDevKitCSV3\Tools\XsdExtension\Intuit.Ipp.XsdExtension\Intuit.Ipp.XsdExtension.csproj", "{B66D0AB3-36DF-4E0A-83E0-772D31C6108C}"
EndProject
Project("{2150E333-8FDC-42A3-9474-1A3956D46DE8}") = "Solution Items", "Solution Items", "{DEC31404-E957-447F-9E31-D80F64D708F5}"
	ProjectSection(SolutionItems) = preProject
		Directory.Build.props = Directory.Build.props
		Local.testsettings = Local.testsettings
		logo.png = logo.png
		TraceAndTestImpact.testsettings = TraceAndTestImpact.testsettings
	EndProjectSection
EndProject
Project("{9A19103F-16F7-4668-BE54-9A1E7A4F7556}") = "Intuit.Ipp.ReportService", "IPPDotNetDevKitCSV3\Code\Intuit.Ipp.ReportService\Intuit.Ipp.ReportService.csproj", "{43C587BD-F5EE-46B8-A52A-BBD3CA6C1C74}"
EndProject
Project("{9A19103F-16F7-4668-BE54-9A1E7A4F7556}") = "Intuit.Ipp.GlobalTaxService", "IPPDotNetDevKitCSV3\Code\Intuit.Ipp.GlobalTaxService\Intuit.Ipp.GlobalTaxService.csproj", "{F9091E69-5EB8-4405-A85F-DD4307560C9A}"
EndProject
Project("{9A19103F-16F7-4668-BE54-9A1E7A4F7556}") = "Intuit.Ipp.WebHooksService", "IPPDotNetDevKitCSV3\Code\Intuit.Ipp.WebHooksService\Intuit.Ipp.WebHooksService.csproj", "{DD710EE8-17E2-433A-833A-FCC3FB04F9B1}"
EndProject
Project("{2150E333-8FDC-42A3-9474-1A3956D46DE8}") = "OAuth2Client", "OAuth2Client", "{1438B09F-C188-4F16-A00B-B037D8DD271C}"
EndProject
Project("{9A19103F-16F7-4668-BE54-9A1E7A4F7556}") = "Intuit.Ipp.OAuth2PlatformClient", "IPPDotNetDevKitCSV3\Code\Intuit.Ipp.OAuth2PlatformClient\Intuit.Ipp.OAuth2PlatformClient.csproj", "{F9C4B669-E10B-44C4-8ED4-85CEAAFC4126}"
EndProject
Project("{9A19103F-16F7-4668-BE54-9A1E7A4F7556}") = "Intuit.Ipp.EntitlementService", "IPPDotNetDevKitCSV3\Code\Intuit.Ipp.EntitlementService\Intuit.Ipp.EntitlementService.csproj", "{D183A5CA-B8A4-4286-A765-EED1B148547B}"
	ProjectSection(ProjectDependencies) = postProject
		{1A06430B-308C-49CF-9620-70D4F7D8A501} = {1A06430B-308C-49CF-9620-70D4F7D8A501}
		{0C815166-B7AC-45DF-AA48-0B026687228E} = {0C815166-B7AC-45DF-AA48-0B026687228E}
		{2147FC87-D172-40A6-9D54-181515DAF7AC} = {2147FC87-D172-40A6-9D54-181515DAF7AC}
		{160733CB-F539-4545-BEF4-F57176FD12DE} = {160733CB-F539-4545-BEF4-F57176FD12DE}
		{34F2D8E7-2239-4EE0-AE53-3B8F6B0513BB} = {34F2D8E7-2239-4EE0-AE53-3B8F6B0513BB}
		{E54BBDFF-F3FB-4497-ACEC-7BC6F4404F71} = {E54BBDFF-F3FB-4497-ACEC-7BC6F4404F71}
	EndProjectSection
EndProject
Project("{9A19103F-16F7-4668-BE54-9A1E7A4F7556}") = "Intuit.Ipp.Security", "IPPDotNetDevKitCSV3\Code\Intuit.Ipp.Security\Intuit.Ipp.Security.csproj", "{160733CB-F539-4545-BEF4-F57176FD12DE}"
EndProject
Project("{9A19103F-16F7-4668-BE54-9A1E7A4F7556}") = "Intuit.Ipp.Nupkg", "IPPDotNetDevKitCSV3\Code\Intuit.Ipp.Nupkg\Intuit.Ipp.Nupkg.csproj", "{C7499C40-3068-4B1F-921C-3D63DA9A94EC}"
EndProject
Project("{9A19103F-16F7-4668-BE54-9A1E7A4F7556}") = "Intuit.Ipp.OAuth2PlatformClient.Diagnostics", "IPPDotNetDevKitCSV3\Code\Intuit.Ipp.OAuth2PlatformClient.Diagnostics\Intuit.Ipp.OAuth2PlatformClient.Diagnostics.csproj", "{494E9C14-07CA-4CF3-AFD8-6C8D68F250C7}"
EndProject
Global
	GlobalSection(SolutionConfigurationPlatforms) = preSolution
		Debug|Any CPU = Debug|Any CPU
		Debug|Mixed Platforms = Debug|Mixed Platforms
		Debug|x86 = Debug|x86
		net461|Any CPU = net461|Any CPU
		net461|Mixed Platforms = net461|Mixed Platforms
		net461|x86 = net461|x86
		net472|Any CPU = net472|Any CPU
		net472|Mixed Platforms = net472|Mixed Platforms
		net472|x86 = net472|x86
		netstandard2.0|Any CPU = netstandard2.0|Any CPU
		netstandard2.0|Mixed Platforms = netstandard2.0|Mixed Platforms
		netstandard2.0|x86 = netstandard2.0|x86
		Release|Any CPU = Release|Any CPU
		Release|Mixed Platforms = Release|Mixed Platforms
		Release|x86 = Release|x86
	EndGlobalSection
	GlobalSection(ProjectConfigurationPlatforms) = postSolution
		{34F2D8E7-2239-4EE0-AE53-3B8F6B0513BB}.Debug|Any CPU.ActiveCfg = Debug|Any CPU
		{34F2D8E7-2239-4EE0-AE53-3B8F6B0513BB}.Debug|Any CPU.Build.0 = Debug|Any CPU
		{34F2D8E7-2239-4EE0-AE53-3B8F6B0513BB}.Debug|Mixed Platforms.ActiveCfg = Debug|Any CPU
		{34F2D8E7-2239-4EE0-AE53-3B8F6B0513BB}.Debug|Mixed Platforms.Build.0 = Debug|Any CPU
		{34F2D8E7-2239-4EE0-AE53-3B8F6B0513BB}.Debug|x86.ActiveCfg = Debug|Any CPU
		{34F2D8E7-2239-4EE0-AE53-3B8F6B0513BB}.net461|Any CPU.ActiveCfg = Release|Any CPU
		{34F2D8E7-2239-4EE0-AE53-3B8F6B0513BB}.net461|Any CPU.Build.0 = Release|Any CPU
		{34F2D8E7-2239-4EE0-AE53-3B8F6B0513BB}.net461|Mixed Platforms.ActiveCfg = Release|Any CPU
		{34F2D8E7-2239-4EE0-AE53-3B8F6B0513BB}.net461|Mixed Platforms.Build.0 = Release|Any CPU
		{34F2D8E7-2239-4EE0-AE53-3B8F6B0513BB}.net461|x86.ActiveCfg = Release|Any CPU
		{34F2D8E7-2239-4EE0-AE53-3B8F6B0513BB}.net461|x86.Build.0 = Release|Any CPU
		{34F2D8E7-2239-4EE0-AE53-3B8F6B0513BB}.net472|Any CPU.ActiveCfg = Release|Any CPU
		{34F2D8E7-2239-4EE0-AE53-3B8F6B0513BB}.net472|Any CPU.Build.0 = Release|Any CPU
		{34F2D8E7-2239-4EE0-AE53-3B8F6B0513BB}.net472|Mixed Platforms.ActiveCfg = Release|Any CPU
		{34F2D8E7-2239-4EE0-AE53-3B8F6B0513BB}.net472|Mixed Platforms.Build.0 = Release|Any CPU
		{34F2D8E7-2239-4EE0-AE53-3B8F6B0513BB}.net472|x86.ActiveCfg = Release|Any CPU
		{34F2D8E7-2239-4EE0-AE53-3B8F6B0513BB}.net472|x86.Build.0 = Release|Any CPU
		{34F2D8E7-2239-4EE0-AE53-3B8F6B0513BB}.netstandard2.0|Any CPU.ActiveCfg = Release|Any CPU
		{34F2D8E7-2239-4EE0-AE53-3B8F6B0513BB}.netstandard2.0|Any CPU.Build.0 = Release|Any CPU
		{34F2D8E7-2239-4EE0-AE53-3B8F6B0513BB}.netstandard2.0|Mixed Platforms.ActiveCfg = Release|Any CPU
		{34F2D8E7-2239-4EE0-AE53-3B8F6B0513BB}.netstandard2.0|Mixed Platforms.Build.0 = Release|Any CPU
		{34F2D8E7-2239-4EE0-AE53-3B8F6B0513BB}.netstandard2.0|x86.ActiveCfg = Release|Any CPU
		{34F2D8E7-2239-4EE0-AE53-3B8F6B0513BB}.netstandard2.0|x86.Build.0 = Release|Any CPU
		{34F2D8E7-2239-4EE0-AE53-3B8F6B0513BB}.Release|Any CPU.ActiveCfg = Release|Any CPU
		{34F2D8E7-2239-4EE0-AE53-3B8F6B0513BB}.Release|Any CPU.Build.0 = Release|Any CPU
		{34F2D8E7-2239-4EE0-AE53-3B8F6B0513BB}.Release|Mixed Platforms.ActiveCfg = Release|Any CPU
		{34F2D8E7-2239-4EE0-AE53-3B8F6B0513BB}.Release|Mixed Platforms.Build.0 = Release|Any CPU
		{34F2D8E7-2239-4EE0-AE53-3B8F6B0513BB}.Release|x86.ActiveCfg = Release|Any CPU
		{1A06430B-308C-49CF-9620-70D4F7D8A501}.Debug|Any CPU.ActiveCfg = Debug|Any CPU
		{1A06430B-308C-49CF-9620-70D4F7D8A501}.Debug|Any CPU.Build.0 = Debug|Any CPU
		{1A06430B-308C-49CF-9620-70D4F7D8A501}.Debug|Mixed Platforms.ActiveCfg = Debug|Any CPU
		{1A06430B-308C-49CF-9620-70D4F7D8A501}.Debug|Mixed Platforms.Build.0 = Debug|Any CPU
		{1A06430B-308C-49CF-9620-70D4F7D8A501}.Debug|x86.ActiveCfg = Debug|Any CPU
		{1A06430B-308C-49CF-9620-70D4F7D8A501}.net461|Any CPU.ActiveCfg = Release|Any CPU
		{1A06430B-308C-49CF-9620-70D4F7D8A501}.net461|Any CPU.Build.0 = Release|Any CPU
		{1A06430B-308C-49CF-9620-70D4F7D8A501}.net461|Mixed Platforms.ActiveCfg = Release|Any CPU
		{1A06430B-308C-49CF-9620-70D4F7D8A501}.net461|Mixed Platforms.Build.0 = Release|Any CPU
		{1A06430B-308C-49CF-9620-70D4F7D8A501}.net461|x86.ActiveCfg = Release|Any CPU
		{1A06430B-308C-49CF-9620-70D4F7D8A501}.net461|x86.Build.0 = Release|Any CPU
		{1A06430B-308C-49CF-9620-70D4F7D8A501}.net472|Any CPU.ActiveCfg = Release|Any CPU
		{1A06430B-308C-49CF-9620-70D4F7D8A501}.net472|Any CPU.Build.0 = Release|Any CPU
		{1A06430B-308C-49CF-9620-70D4F7D8A501}.net472|Mixed Platforms.ActiveCfg = Release|Any CPU
		{1A06430B-308C-49CF-9620-70D4F7D8A501}.net472|Mixed Platforms.Build.0 = Release|Any CPU
		{1A06430B-308C-49CF-9620-70D4F7D8A501}.net472|x86.ActiveCfg = Release|Any CPU
		{1A06430B-308C-49CF-9620-70D4F7D8A501}.net472|x86.Build.0 = Release|Any CPU
		{1A06430B-308C-49CF-9620-70D4F7D8A501}.netstandard2.0|Any CPU.ActiveCfg = Release|Any CPU
		{1A06430B-308C-49CF-9620-70D4F7D8A501}.netstandard2.0|Any CPU.Build.0 = Release|Any CPU
		{1A06430B-308C-49CF-9620-70D4F7D8A501}.netstandard2.0|Mixed Platforms.ActiveCfg = Release|Any CPU
		{1A06430B-308C-49CF-9620-70D4F7D8A501}.netstandard2.0|Mixed Platforms.Build.0 = Release|Any CPU
		{1A06430B-308C-49CF-9620-70D4F7D8A501}.netstandard2.0|x86.ActiveCfg = Release|Any CPU
		{1A06430B-308C-49CF-9620-70D4F7D8A501}.netstandard2.0|x86.Build.0 = Release|Any CPU
		{1A06430B-308C-49CF-9620-70D4F7D8A501}.Release|Any CPU.ActiveCfg = Release|Any CPU
		{1A06430B-308C-49CF-9620-70D4F7D8A501}.Release|Any CPU.Build.0 = Release|Any CPU
		{1A06430B-308C-49CF-9620-70D4F7D8A501}.Release|Mixed Platforms.ActiveCfg = Release|Any CPU
		{1A06430B-308C-49CF-9620-70D4F7D8A501}.Release|Mixed Platforms.Build.0 = Release|Any CPU
		{1A06430B-308C-49CF-9620-70D4F7D8A501}.Release|x86.ActiveCfg = Release|Any CPU
		{0C815166-B7AC-45DF-AA48-0B026687228E}.Debug|Any CPU.ActiveCfg = Debug|Any CPU
		{0C815166-B7AC-45DF-AA48-0B026687228E}.Debug|Any CPU.Build.0 = Debug|Any CPU
		{0C815166-B7AC-45DF-AA48-0B026687228E}.Debug|Mixed Platforms.ActiveCfg = Debug|Any CPU
		{0C815166-B7AC-45DF-AA48-0B026687228E}.Debug|Mixed Platforms.Build.0 = Debug|Any CPU
		{0C815166-B7AC-45DF-AA48-0B026687228E}.Debug|x86.ActiveCfg = Debug|Any CPU
		{0C815166-B7AC-45DF-AA48-0B026687228E}.net461|Any CPU.ActiveCfg = Release|Any CPU
		{0C815166-B7AC-45DF-AA48-0B026687228E}.net461|Any CPU.Build.0 = Release|Any CPU
		{0C815166-B7AC-45DF-AA48-0B026687228E}.net461|Mixed Platforms.ActiveCfg = Release|Any CPU
		{0C815166-B7AC-45DF-AA48-0B026687228E}.net461|Mixed Platforms.Build.0 = Release|Any CPU
		{0C815166-B7AC-45DF-AA48-0B026687228E}.net461|x86.ActiveCfg = Release|Any CPU
		{0C815166-B7AC-45DF-AA48-0B026687228E}.net461|x86.Build.0 = Release|Any CPU
		{0C815166-B7AC-45DF-AA48-0B026687228E}.net472|Any CPU.ActiveCfg = Release|Any CPU
		{0C815166-B7AC-45DF-AA48-0B026687228E}.net472|Any CPU.Build.0 = Release|Any CPU
		{0C815166-B7AC-45DF-AA48-0B026687228E}.net472|Mixed Platforms.ActiveCfg = Release|Any CPU
		{0C815166-B7AC-45DF-AA48-0B026687228E}.net472|Mixed Platforms.Build.0 = Release|Any CPU
		{0C815166-B7AC-45DF-AA48-0B026687228E}.net472|x86.ActiveCfg = Release|Any CPU
		{0C815166-B7AC-45DF-AA48-0B026687228E}.net472|x86.Build.0 = Release|Any CPU
		{0C815166-B7AC-45DF-AA48-0B026687228E}.netstandard2.0|Any CPU.ActiveCfg = Release|Any CPU
		{0C815166-B7AC-45DF-AA48-0B026687228E}.netstandard2.0|Any CPU.Build.0 = Release|Any CPU
		{0C815166-B7AC-45DF-AA48-0B026687228E}.netstandard2.0|Mixed Platforms.ActiveCfg = Release|Any CPU
		{0C815166-B7AC-45DF-AA48-0B026687228E}.netstandard2.0|Mixed Platforms.Build.0 = Release|Any CPU
		{0C815166-B7AC-45DF-AA48-0B026687228E}.netstandard2.0|x86.ActiveCfg = Release|Any CPU
		{0C815166-B7AC-45DF-AA48-0B026687228E}.netstandard2.0|x86.Build.0 = Release|Any CPU
		{0C815166-B7AC-45DF-AA48-0B026687228E}.Release|Any CPU.ActiveCfg = Release|Any CPU
		{0C815166-B7AC-45DF-AA48-0B026687228E}.Release|Any CPU.Build.0 = Release|Any CPU
		{0C815166-B7AC-45DF-AA48-0B026687228E}.Release|Mixed Platforms.ActiveCfg = Release|Any CPU
		{0C815166-B7AC-45DF-AA48-0B026687228E}.Release|Mixed Platforms.Build.0 = Release|Any CPU
		{0C815166-B7AC-45DF-AA48-0B026687228E}.Release|x86.ActiveCfg = Release|Any CPU
		{2A5A9D95-9CE2-4726-A9E2-606838ABDCD1}.Debug|Any CPU.ActiveCfg = Debug|Any CPU
		{2A5A9D95-9CE2-4726-A9E2-606838ABDCD1}.Debug|Any CPU.Build.0 = Debug|Any CPU
		{2A5A9D95-9CE2-4726-A9E2-606838ABDCD1}.Debug|Mixed Platforms.ActiveCfg = Debug|Any CPU
		{2A5A9D95-9CE2-4726-A9E2-606838ABDCD1}.Debug|Mixed Platforms.Build.0 = Debug|Any CPU
		{2A5A9D95-9CE2-4726-A9E2-606838ABDCD1}.Debug|x86.ActiveCfg = Debug|Any CPU
		{2A5A9D95-9CE2-4726-A9E2-606838ABDCD1}.net461|Any CPU.ActiveCfg = Release|Any CPU
		{2A5A9D95-9CE2-4726-A9E2-606838ABDCD1}.net461|Any CPU.Build.0 = Release|Any CPU
		{2A5A9D95-9CE2-4726-A9E2-606838ABDCD1}.net461|Mixed Platforms.ActiveCfg = Release|Any CPU
		{2A5A9D95-9CE2-4726-A9E2-606838ABDCD1}.net461|Mixed Platforms.Build.0 = Release|Any CPU
		{2A5A9D95-9CE2-4726-A9E2-606838ABDCD1}.net461|x86.ActiveCfg = Release|Any CPU
		{2A5A9D95-9CE2-4726-A9E2-606838ABDCD1}.net461|x86.Build.0 = Release|Any CPU
		{2A5A9D95-9CE2-4726-A9E2-606838ABDCD1}.net472|Any CPU.ActiveCfg = Release|Any CPU
		{2A5A9D95-9CE2-4726-A9E2-606838ABDCD1}.net472|Any CPU.Build.0 = Release|Any CPU
		{2A5A9D95-9CE2-4726-A9E2-606838ABDCD1}.net472|Mixed Platforms.ActiveCfg = Release|Any CPU
		{2A5A9D95-9CE2-4726-A9E2-606838ABDCD1}.net472|Mixed Platforms.Build.0 = Release|Any CPU
		{2A5A9D95-9CE2-4726-A9E2-606838ABDCD1}.net472|x86.ActiveCfg = Release|Any CPU
		{2A5A9D95-9CE2-4726-A9E2-606838ABDCD1}.net472|x86.Build.0 = Release|Any CPU
		{2A5A9D95-9CE2-4726-A9E2-606838ABDCD1}.netstandard2.0|Any CPU.ActiveCfg = Release|Any CPU
		{2A5A9D95-9CE2-4726-A9E2-606838ABDCD1}.netstandard2.0|Any CPU.Build.0 = Release|Any CPU
		{2A5A9D95-9CE2-4726-A9E2-606838ABDCD1}.netstandard2.0|Mixed Platforms.ActiveCfg = Release|Any CPU
		{2A5A9D95-9CE2-4726-A9E2-606838ABDCD1}.netstandard2.0|Mixed Platforms.Build.0 = Release|Any CPU
		{2A5A9D95-9CE2-4726-A9E2-606838ABDCD1}.netstandard2.0|x86.ActiveCfg = Release|Any CPU
		{2A5A9D95-9CE2-4726-A9E2-606838ABDCD1}.netstandard2.0|x86.Build.0 = Release|Any CPU
		{2A5A9D95-9CE2-4726-A9E2-606838ABDCD1}.Release|Any CPU.ActiveCfg = Release|Any CPU
		{2A5A9D95-9CE2-4726-A9E2-606838ABDCD1}.Release|Any CPU.Build.0 = Release|Any CPU
		{2A5A9D95-9CE2-4726-A9E2-606838ABDCD1}.Release|Mixed Platforms.ActiveCfg = Release|Any CPU
		{2A5A9D95-9CE2-4726-A9E2-606838ABDCD1}.Release|Mixed Platforms.Build.0 = Release|Any CPU
		{2A5A9D95-9CE2-4726-A9E2-606838ABDCD1}.Release|x86.ActiveCfg = Release|Any CPU
		{D479AB56-8F3E-4C3E-B641-048B3552DDA9}.Debug|Any CPU.ActiveCfg = Debug|Any CPU
		{D479AB56-8F3E-4C3E-B641-048B3552DDA9}.Debug|Any CPU.Build.0 = Debug|Any CPU
		{D479AB56-8F3E-4C3E-B641-048B3552DDA9}.Debug|Mixed Platforms.ActiveCfg = Debug|Any CPU
		{D479AB56-8F3E-4C3E-B641-048B3552DDA9}.Debug|Mixed Platforms.Build.0 = Debug|Any CPU
		{D479AB56-8F3E-4C3E-B641-048B3552DDA9}.Debug|x86.ActiveCfg = Debug|Any CPU
		{D479AB56-8F3E-4C3E-B641-048B3552DDA9}.net461|Any CPU.ActiveCfg = Release|Any CPU
		{D479AB56-8F3E-4C3E-B641-048B3552DDA9}.net461|Any CPU.Build.0 = Release|Any CPU
		{D479AB56-8F3E-4C3E-B641-048B3552DDA9}.net461|Mixed Platforms.ActiveCfg = Release|Any CPU
		{D479AB56-8F3E-4C3E-B641-048B3552DDA9}.net461|Mixed Platforms.Build.0 = Release|Any CPU
		{D479AB56-8F3E-4C3E-B641-048B3552DDA9}.net461|x86.ActiveCfg = Release|Any CPU
		{D479AB56-8F3E-4C3E-B641-048B3552DDA9}.net461|x86.Build.0 = Release|Any CPU
		{D479AB56-8F3E-4C3E-B641-048B3552DDA9}.net472|Any CPU.ActiveCfg = Release|Any CPU
		{D479AB56-8F3E-4C3E-B641-048B3552DDA9}.net472|Any CPU.Build.0 = Release|Any CPU
		{D479AB56-8F3E-4C3E-B641-048B3552DDA9}.net472|Mixed Platforms.ActiveCfg = Release|Any CPU
		{D479AB56-8F3E-4C3E-B641-048B3552DDA9}.net472|Mixed Platforms.Build.0 = Release|Any CPU
		{D479AB56-8F3E-4C3E-B641-048B3552DDA9}.net472|x86.ActiveCfg = Release|Any CPU
		{D479AB56-8F3E-4C3E-B641-048B3552DDA9}.net472|x86.Build.0 = Release|Any CPU
		{D479AB56-8F3E-4C3E-B641-048B3552DDA9}.netstandard2.0|Any CPU.ActiveCfg = Release|Any CPU
		{D479AB56-8F3E-4C3E-B641-048B3552DDA9}.netstandard2.0|Any CPU.Build.0 = Release|Any CPU
		{D479AB56-8F3E-4C3E-B641-048B3552DDA9}.netstandard2.0|Mixed Platforms.ActiveCfg = Release|Any CPU
		{D479AB56-8F3E-4C3E-B641-048B3552DDA9}.netstandard2.0|Mixed Platforms.Build.0 = Release|Any CPU
		{D479AB56-8F3E-4C3E-B641-048B3552DDA9}.netstandard2.0|x86.ActiveCfg = Release|Any CPU
		{D479AB56-8F3E-4C3E-B641-048B3552DDA9}.netstandard2.0|x86.Build.0 = Release|Any CPU
		{D479AB56-8F3E-4C3E-B641-048B3552DDA9}.Release|Any CPU.ActiveCfg = Release|Any CPU
		{D479AB56-8F3E-4C3E-B641-048B3552DDA9}.Release|Any CPU.Build.0 = Release|Any CPU
		{D479AB56-8F3E-4C3E-B641-048B3552DDA9}.Release|Mixed Platforms.ActiveCfg = Release|Any CPU
		{D479AB56-8F3E-4C3E-B641-048B3552DDA9}.Release|Mixed Platforms.Build.0 = Release|Any CPU
		{D479AB56-8F3E-4C3E-B641-048B3552DDA9}.Release|x86.ActiveCfg = Release|Any CPU
		{2147FC87-D172-40A6-9D54-181515DAF7AC}.Debug|Any CPU.ActiveCfg = Debug|Any CPU
		{2147FC87-D172-40A6-9D54-181515DAF7AC}.Debug|Any CPU.Build.0 = Debug|Any CPU
		{2147FC87-D172-40A6-9D54-181515DAF7AC}.Debug|Mixed Platforms.ActiveCfg = Debug|Any CPU
		{2147FC87-D172-40A6-9D54-181515DAF7AC}.Debug|Mixed Platforms.Build.0 = Debug|Any CPU
		{2147FC87-D172-40A6-9D54-181515DAF7AC}.Debug|x86.ActiveCfg = Debug|Any CPU
		{2147FC87-D172-40A6-9D54-181515DAF7AC}.net461|Any CPU.ActiveCfg = Release|Any CPU
		{2147FC87-D172-40A6-9D54-181515DAF7AC}.net461|Any CPU.Build.0 = Release|Any CPU
		{2147FC87-D172-40A6-9D54-181515DAF7AC}.net461|Mixed Platforms.ActiveCfg = Release|Any CPU
		{2147FC87-D172-40A6-9D54-181515DAF7AC}.net461|Mixed Platforms.Build.0 = Release|Any CPU
		{2147FC87-D172-40A6-9D54-181515DAF7AC}.net461|x86.ActiveCfg = Release|Any CPU
		{2147FC87-D172-40A6-9D54-181515DAF7AC}.net461|x86.Build.0 = Release|Any CPU
		{2147FC87-D172-40A6-9D54-181515DAF7AC}.net472|Any CPU.ActiveCfg = Release|Any CPU
		{2147FC87-D172-40A6-9D54-181515DAF7AC}.net472|Any CPU.Build.0 = Release|Any CPU
		{2147FC87-D172-40A6-9D54-181515DAF7AC}.net472|Mixed Platforms.ActiveCfg = Release|Any CPU
		{2147FC87-D172-40A6-9D54-181515DAF7AC}.net472|Mixed Platforms.Build.0 = Release|Any CPU
		{2147FC87-D172-40A6-9D54-181515DAF7AC}.net472|x86.ActiveCfg = Release|Any CPU
		{2147FC87-D172-40A6-9D54-181515DAF7AC}.net472|x86.Build.0 = Release|Any CPU
		{2147FC87-D172-40A6-9D54-181515DAF7AC}.netstandard2.0|Any CPU.ActiveCfg = Release|Any CPU
		{2147FC87-D172-40A6-9D54-181515DAF7AC}.netstandard2.0|Any CPU.Build.0 = Release|Any CPU
		{2147FC87-D172-40A6-9D54-181515DAF7AC}.netstandard2.0|Mixed Platforms.ActiveCfg = Release|Any CPU
		{2147FC87-D172-40A6-9D54-181515DAF7AC}.netstandard2.0|Mixed Platforms.Build.0 = Release|Any CPU
		{2147FC87-D172-40A6-9D54-181515DAF7AC}.netstandard2.0|x86.ActiveCfg = Release|Any CPU
		{2147FC87-D172-40A6-9D54-181515DAF7AC}.netstandard2.0|x86.Build.0 = Release|Any CPU
		{2147FC87-D172-40A6-9D54-181515DAF7AC}.Release|Any CPU.ActiveCfg = Release|Any CPU
		{2147FC87-D172-40A6-9D54-181515DAF7AC}.Release|Any CPU.Build.0 = Release|Any CPU
		{2147FC87-D172-40A6-9D54-181515DAF7AC}.Release|Mixed Platforms.ActiveCfg = Release|Any CPU
		{2147FC87-D172-40A6-9D54-181515DAF7AC}.Release|Mixed Platforms.Build.0 = Release|Any CPU
		{2147FC87-D172-40A6-9D54-181515DAF7AC}.Release|x86.ActiveCfg = Release|Any CPU
		{12D82D75-ECEE-459D-A820-B6CD95B24449}.Debug|Any CPU.ActiveCfg = Debug|Any CPU
		{12D82D75-ECEE-459D-A820-B6CD95B24449}.Debug|Any CPU.Build.0 = Debug|Any CPU
		{12D82D75-ECEE-459D-A820-B6CD95B24449}.Debug|Mixed Platforms.ActiveCfg = Debug|Any CPU
		{12D82D75-ECEE-459D-A820-B6CD95B24449}.Debug|Mixed Platforms.Build.0 = Debug|Any CPU
		{12D82D75-ECEE-459D-A820-B6CD95B24449}.Debug|x86.ActiveCfg = Debug|Any CPU
		{12D82D75-ECEE-459D-A820-B6CD95B24449}.net461|Any CPU.ActiveCfg = Release|Any CPU
		{12D82D75-ECEE-459D-A820-B6CD95B24449}.net461|Any CPU.Build.0 = Release|Any CPU
		{12D82D75-ECEE-459D-A820-B6CD95B24449}.net461|Mixed Platforms.ActiveCfg = Release|Any CPU
		{12D82D75-ECEE-459D-A820-B6CD95B24449}.net461|Mixed Platforms.Build.0 = Release|Any CPU
		{12D82D75-ECEE-459D-A820-B6CD95B24449}.net461|x86.ActiveCfg = Release|Any CPU
		{12D82D75-ECEE-459D-A820-B6CD95B24449}.net461|x86.Build.0 = Release|Any CPU
		{12D82D75-ECEE-459D-A820-B6CD95B24449}.net472|Any CPU.ActiveCfg = Release|Any CPU
		{12D82D75-ECEE-459D-A820-B6CD95B24449}.net472|Any CPU.Build.0 = Release|Any CPU
		{12D82D75-ECEE-459D-A820-B6CD95B24449}.net472|Mixed Platforms.ActiveCfg = Release|Any CPU
		{12D82D75-ECEE-459D-A820-B6CD95B24449}.net472|Mixed Platforms.Build.0 = Release|Any CPU
		{12D82D75-ECEE-459D-A820-B6CD95B24449}.net472|x86.ActiveCfg = Release|Any CPU
		{12D82D75-ECEE-459D-A820-B6CD95B24449}.net472|x86.Build.0 = Release|Any CPU
		{12D82D75-ECEE-459D-A820-B6CD95B24449}.netstandard2.0|Any CPU.ActiveCfg = Release|Any CPU
		{12D82D75-ECEE-459D-A820-B6CD95B24449}.netstandard2.0|Any CPU.Build.0 = Release|Any CPU
		{12D82D75-ECEE-459D-A820-B6CD95B24449}.netstandard2.0|Mixed Platforms.ActiveCfg = Release|Any CPU
		{12D82D75-ECEE-459D-A820-B6CD95B24449}.netstandard2.0|Mixed Platforms.Build.0 = Release|Any CPU
		{12D82D75-ECEE-459D-A820-B6CD95B24449}.netstandard2.0|x86.ActiveCfg = Release|Any CPU
		{12D82D75-ECEE-459D-A820-B6CD95B24449}.netstandard2.0|x86.Build.0 = Release|Any CPU
		{12D82D75-ECEE-459D-A820-B6CD95B24449}.Release|Any CPU.ActiveCfg = Release|Any CPU
		{12D82D75-ECEE-459D-A820-B6CD95B24449}.Release|Any CPU.Build.0 = Release|Any CPU
		{12D82D75-ECEE-459D-A820-B6CD95B24449}.Release|Mixed Platforms.ActiveCfg = Release|Any CPU
		{12D82D75-ECEE-459D-A820-B6CD95B24449}.Release|Mixed Platforms.Build.0 = Release|Any CPU
		{12D82D75-ECEE-459D-A820-B6CD95B24449}.Release|x86.ActiveCfg = Release|Any CPU
		{E54BBDFF-F3FB-4497-ACEC-7BC6F4404F71}.Debug|Any CPU.ActiveCfg = Debug|Any CPU
		{E54BBDFF-F3FB-4497-ACEC-7BC6F4404F71}.Debug|Any CPU.Build.0 = Debug|Any CPU
		{E54BBDFF-F3FB-4497-ACEC-7BC6F4404F71}.Debug|Mixed Platforms.ActiveCfg = Debug|Any CPU
		{E54BBDFF-F3FB-4497-ACEC-7BC6F4404F71}.Debug|Mixed Platforms.Build.0 = Debug|Any CPU
		{E54BBDFF-F3FB-4497-ACEC-7BC6F4404F71}.Debug|x86.ActiveCfg = Debug|Any CPU
		{E54BBDFF-F3FB-4497-ACEC-7BC6F4404F71}.net461|Any CPU.ActiveCfg = Release|Any CPU
		{E54BBDFF-F3FB-4497-ACEC-7BC6F4404F71}.net461|Any CPU.Build.0 = Release|Any CPU
		{E54BBDFF-F3FB-4497-ACEC-7BC6F4404F71}.net461|Mixed Platforms.ActiveCfg = Release|Any CPU
		{E54BBDFF-F3FB-4497-ACEC-7BC6F4404F71}.net461|Mixed Platforms.Build.0 = Release|Any CPU
		{E54BBDFF-F3FB-4497-ACEC-7BC6F4404F71}.net461|x86.ActiveCfg = Release|Any CPU
		{E54BBDFF-F3FB-4497-ACEC-7BC6F4404F71}.net461|x86.Build.0 = Release|Any CPU
		{E54BBDFF-F3FB-4497-ACEC-7BC6F4404F71}.net472|Any CPU.ActiveCfg = Release|Any CPU
		{E54BBDFF-F3FB-4497-ACEC-7BC6F4404F71}.net472|Any CPU.Build.0 = Release|Any CPU
		{E54BBDFF-F3FB-4497-ACEC-7BC6F4404F71}.net472|Mixed Platforms.ActiveCfg = Release|Any CPU
		{E54BBDFF-F3FB-4497-ACEC-7BC6F4404F71}.net472|Mixed Platforms.Build.0 = Release|Any CPU
		{E54BBDFF-F3FB-4497-ACEC-7BC6F4404F71}.net472|x86.ActiveCfg = Release|Any CPU
		{E54BBDFF-F3FB-4497-ACEC-7BC6F4404F71}.net472|x86.Build.0 = Release|Any CPU
		{E54BBDFF-F3FB-4497-ACEC-7BC6F4404F71}.netstandard2.0|Any CPU.ActiveCfg = Release|Any CPU
		{E54BBDFF-F3FB-4497-ACEC-7BC6F4404F71}.netstandard2.0|Any CPU.Build.0 = Release|Any CPU
		{E54BBDFF-F3FB-4497-ACEC-7BC6F4404F71}.netstandard2.0|Mixed Platforms.ActiveCfg = Release|Any CPU
		{E54BBDFF-F3FB-4497-ACEC-7BC6F4404F71}.netstandard2.0|Mixed Platforms.Build.0 = Release|Any CPU
		{E54BBDFF-F3FB-4497-ACEC-7BC6F4404F71}.netstandard2.0|x86.ActiveCfg = Release|Any CPU
		{E54BBDFF-F3FB-4497-ACEC-7BC6F4404F71}.netstandard2.0|x86.Build.0 = Release|Any CPU
		{E54BBDFF-F3FB-4497-ACEC-7BC6F4404F71}.Release|Any CPU.ActiveCfg = Release|Any CPU
		{E54BBDFF-F3FB-4497-ACEC-7BC6F4404F71}.Release|Any CPU.Build.0 = Release|Any CPU
		{E54BBDFF-F3FB-4497-ACEC-7BC6F4404F71}.Release|Mixed Platforms.ActiveCfg = Release|Any CPU
		{E54BBDFF-F3FB-4497-ACEC-7BC6F4404F71}.Release|Mixed Platforms.Build.0 = Release|Any CPU
		{E54BBDFF-F3FB-4497-ACEC-7BC6F4404F71}.Release|x86.ActiveCfg = Release|Any CPU
		{B66D0AB3-36DF-4E0A-83E0-772D31C6108C}.Debug|Any CPU.ActiveCfg = Debug|Any CPU
		{B66D0AB3-36DF-4E0A-83E0-772D31C6108C}.Debug|Any CPU.Build.0 = Debug|Any CPU
		{B66D0AB3-36DF-4E0A-83E0-772D31C6108C}.Debug|Mixed Platforms.ActiveCfg = Debug|Any CPU
		{B66D0AB3-36DF-4E0A-83E0-772D31C6108C}.Debug|Mixed Platforms.Build.0 = Debug|Any CPU
		{B66D0AB3-36DF-4E0A-83E0-772D31C6108C}.Debug|x86.ActiveCfg = Debug|Any CPU
		{B66D0AB3-36DF-4E0A-83E0-772D31C6108C}.net461|Any CPU.ActiveCfg = Release|Any CPU
		{B66D0AB3-36DF-4E0A-83E0-772D31C6108C}.net461|Any CPU.Build.0 = Release|Any CPU
		{B66D0AB3-36DF-4E0A-83E0-772D31C6108C}.net461|Mixed Platforms.ActiveCfg = Release|Any CPU
		{B66D0AB3-36DF-4E0A-83E0-772D31C6108C}.net461|Mixed Platforms.Build.0 = Release|Any CPU
		{B66D0AB3-36DF-4E0A-83E0-772D31C6108C}.net461|x86.ActiveCfg = Release|Any CPU
		{B66D0AB3-36DF-4E0A-83E0-772D31C6108C}.net461|x86.Build.0 = Release|Any CPU
		{B66D0AB3-36DF-4E0A-83E0-772D31C6108C}.net472|Any CPU.ActiveCfg = Release|Any CPU
		{B66D0AB3-36DF-4E0A-83E0-772D31C6108C}.net472|Any CPU.Build.0 = Release|Any CPU
		{B66D0AB3-36DF-4E0A-83E0-772D31C6108C}.net472|Mixed Platforms.ActiveCfg = Release|Any CPU
		{B66D0AB3-36DF-4E0A-83E0-772D31C6108C}.net472|Mixed Platforms.Build.0 = Release|Any CPU
		{B66D0AB3-36DF-4E0A-83E0-772D31C6108C}.net472|x86.ActiveCfg = Release|Any CPU
		{B66D0AB3-36DF-4E0A-83E0-772D31C6108C}.net472|x86.Build.0 = Release|Any CPU
		{B66D0AB3-36DF-4E0A-83E0-772D31C6108C}.netstandard2.0|Any CPU.ActiveCfg = Release|Any CPU
		{B66D0AB3-36DF-4E0A-83E0-772D31C6108C}.netstandard2.0|Any CPU.Build.0 = Release|Any CPU
		{B66D0AB3-36DF-4E0A-83E0-772D31C6108C}.netstandard2.0|Mixed Platforms.ActiveCfg = Release|Any CPU
		{B66D0AB3-36DF-4E0A-83E0-772D31C6108C}.netstandard2.0|Mixed Platforms.Build.0 = Release|Any CPU
		{B66D0AB3-36DF-4E0A-83E0-772D31C6108C}.netstandard2.0|x86.ActiveCfg = Release|Any CPU
		{B66D0AB3-36DF-4E0A-83E0-772D31C6108C}.netstandard2.0|x86.Build.0 = Release|Any CPU
		{B66D0AB3-36DF-4E0A-83E0-772D31C6108C}.Release|Any CPU.ActiveCfg = Release|Any CPU
		{B66D0AB3-36DF-4E0A-83E0-772D31C6108C}.Release|Any CPU.Build.0 = Release|Any CPU
		{B66D0AB3-36DF-4E0A-83E0-772D31C6108C}.Release|Mixed Platforms.ActiveCfg = Release|Any CPU
		{B66D0AB3-36DF-4E0A-83E0-772D31C6108C}.Release|Mixed Platforms.Build.0 = Release|Any CPU
		{B66D0AB3-36DF-4E0A-83E0-772D31C6108C}.Release|x86.ActiveCfg = Release|Any CPU
		{43C587BD-F5EE-46B8-A52A-BBD3CA6C1C74}.Debug|Any CPU.ActiveCfg = Debug|Any CPU
		{43C587BD-F5EE-46B8-A52A-BBD3CA6C1C74}.Debug|Any CPU.Build.0 = Debug|Any CPU
		{43C587BD-F5EE-46B8-A52A-BBD3CA6C1C74}.Debug|Mixed Platforms.ActiveCfg = Debug|Any CPU
		{43C587BD-F5EE-46B8-A52A-BBD3CA6C1C74}.Debug|Mixed Platforms.Build.0 = Debug|Any CPU
		{43C587BD-F5EE-46B8-A52A-BBD3CA6C1C74}.Debug|x86.ActiveCfg = Debug|Any CPU
		{43C587BD-F5EE-46B8-A52A-BBD3CA6C1C74}.net461|Any CPU.ActiveCfg = Release|Any CPU
		{43C587BD-F5EE-46B8-A52A-BBD3CA6C1C74}.net461|Any CPU.Build.0 = Release|Any CPU
		{43C587BD-F5EE-46B8-A52A-BBD3CA6C1C74}.net461|Mixed Platforms.ActiveCfg = Release|Any CPU
		{43C587BD-F5EE-46B8-A52A-BBD3CA6C1C74}.net461|Mixed Platforms.Build.0 = Release|Any CPU
		{43C587BD-F5EE-46B8-A52A-BBD3CA6C1C74}.net461|x86.ActiveCfg = Release|Any CPU
		{43C587BD-F5EE-46B8-A52A-BBD3CA6C1C74}.net461|x86.Build.0 = Release|Any CPU
		{43C587BD-F5EE-46B8-A52A-BBD3CA6C1C74}.net472|Any CPU.ActiveCfg = Release|Any CPU
		{43C587BD-F5EE-46B8-A52A-BBD3CA6C1C74}.net472|Any CPU.Build.0 = Release|Any CPU
		{43C587BD-F5EE-46B8-A52A-BBD3CA6C1C74}.net472|Mixed Platforms.ActiveCfg = Release|Any CPU
		{43C587BD-F5EE-46B8-A52A-BBD3CA6C1C74}.net472|Mixed Platforms.Build.0 = Release|Any CPU
		{43C587BD-F5EE-46B8-A52A-BBD3CA6C1C74}.net472|x86.ActiveCfg = Release|Any CPU
		{43C587BD-F5EE-46B8-A52A-BBD3CA6C1C74}.net472|x86.Build.0 = Release|Any CPU
		{43C587BD-F5EE-46B8-A52A-BBD3CA6C1C74}.netstandard2.0|Any CPU.ActiveCfg = Release|Any CPU
		{43C587BD-F5EE-46B8-A52A-BBD3CA6C1C74}.netstandard2.0|Any CPU.Build.0 = Release|Any CPU
		{43C587BD-F5EE-46B8-A52A-BBD3CA6C1C74}.netstandard2.0|Mixed Platforms.ActiveCfg = Release|Any CPU
		{43C587BD-F5EE-46B8-A52A-BBD3CA6C1C74}.netstandard2.0|Mixed Platforms.Build.0 = Release|Any CPU
		{43C587BD-F5EE-46B8-A52A-BBD3CA6C1C74}.netstandard2.0|x86.ActiveCfg = Release|Any CPU
		{43C587BD-F5EE-46B8-A52A-BBD3CA6C1C74}.netstandard2.0|x86.Build.0 = Release|Any CPU
		{43C587BD-F5EE-46B8-A52A-BBD3CA6C1C74}.Release|Any CPU.ActiveCfg = Release|Any CPU
		{43C587BD-F5EE-46B8-A52A-BBD3CA6C1C74}.Release|Any CPU.Build.0 = Release|Any CPU
		{43C587BD-F5EE-46B8-A52A-BBD3CA6C1C74}.Release|Mixed Platforms.ActiveCfg = Release|Any CPU
		{43C587BD-F5EE-46B8-A52A-BBD3CA6C1C74}.Release|Mixed Platforms.Build.0 = Release|Any CPU
		{43C587BD-F5EE-46B8-A52A-BBD3CA6C1C74}.Release|x86.ActiveCfg = Release|Any CPU
		{F9091E69-5EB8-4405-A85F-DD4307560C9A}.Debug|Any CPU.ActiveCfg = Debug|Any CPU
		{F9091E69-5EB8-4405-A85F-DD4307560C9A}.Debug|Any CPU.Build.0 = Debug|Any CPU
		{F9091E69-5EB8-4405-A85F-DD4307560C9A}.Debug|Mixed Platforms.ActiveCfg = Debug|Any CPU
		{F9091E69-5EB8-4405-A85F-DD4307560C9A}.Debug|Mixed Platforms.Build.0 = Debug|Any CPU
		{F9091E69-5EB8-4405-A85F-DD4307560C9A}.Debug|x86.ActiveCfg = Debug|Any CPU
		{F9091E69-5EB8-4405-A85F-DD4307560C9A}.net461|Any CPU.ActiveCfg = Release|Any CPU
		{F9091E69-5EB8-4405-A85F-DD4307560C9A}.net461|Any CPU.Build.0 = Release|Any CPU
		{F9091E69-5EB8-4405-A85F-DD4307560C9A}.net461|Mixed Platforms.ActiveCfg = Release|Any CPU
		{F9091E69-5EB8-4405-A85F-DD4307560C9A}.net461|Mixed Platforms.Build.0 = Release|Any CPU
		{F9091E69-5EB8-4405-A85F-DD4307560C9A}.net461|x86.ActiveCfg = Release|Any CPU
		{F9091E69-5EB8-4405-A85F-DD4307560C9A}.net461|x86.Build.0 = Release|Any CPU
		{F9091E69-5EB8-4405-A85F-DD4307560C9A}.net472|Any CPU.ActiveCfg = Release|Any CPU
		{F9091E69-5EB8-4405-A85F-DD4307560C9A}.net472|Any CPU.Build.0 = Release|Any CPU
		{F9091E69-5EB8-4405-A85F-DD4307560C9A}.net472|Mixed Platforms.ActiveCfg = Release|Any CPU
		{F9091E69-5EB8-4405-A85F-DD4307560C9A}.net472|Mixed Platforms.Build.0 = Release|Any CPU
		{F9091E69-5EB8-4405-A85F-DD4307560C9A}.net472|x86.ActiveCfg = Release|Any CPU
		{F9091E69-5EB8-4405-A85F-DD4307560C9A}.net472|x86.Build.0 = Release|Any CPU
		{F9091E69-5EB8-4405-A85F-DD4307560C9A}.netstandard2.0|Any CPU.ActiveCfg = Release|Any CPU
		{F9091E69-5EB8-4405-A85F-DD4307560C9A}.netstandard2.0|Any CPU.Build.0 = Release|Any CPU
		{F9091E69-5EB8-4405-A85F-DD4307560C9A}.netstandard2.0|Mixed Platforms.ActiveCfg = Release|Any CPU
		{F9091E69-5EB8-4405-A85F-DD4307560C9A}.netstandard2.0|Mixed Platforms.Build.0 = Release|Any CPU
		{F9091E69-5EB8-4405-A85F-DD4307560C9A}.netstandard2.0|x86.ActiveCfg = Release|Any CPU
		{F9091E69-5EB8-4405-A85F-DD4307560C9A}.netstandard2.0|x86.Build.0 = Release|Any CPU
		{F9091E69-5EB8-4405-A85F-DD4307560C9A}.Release|Any CPU.ActiveCfg = Release|Any CPU
		{F9091E69-5EB8-4405-A85F-DD4307560C9A}.Release|Any CPU.Build.0 = Release|Any CPU
		{F9091E69-5EB8-4405-A85F-DD4307560C9A}.Release|Mixed Platforms.ActiveCfg = Release|Any CPU
		{F9091E69-5EB8-4405-A85F-DD4307560C9A}.Release|Mixed Platforms.Build.0 = Release|Any CPU
		{F9091E69-5EB8-4405-A85F-DD4307560C9A}.Release|x86.ActiveCfg = Release|Any CPU
		{DD710EE8-17E2-433A-833A-FCC3FB04F9B1}.Debug|Any CPU.ActiveCfg = Debug|Any CPU
		{DD710EE8-17E2-433A-833A-FCC3FB04F9B1}.Debug|Any CPU.Build.0 = Debug|Any CPU
		{DD710EE8-17E2-433A-833A-FCC3FB04F9B1}.Debug|Mixed Platforms.ActiveCfg = Debug|Any CPU
		{DD710EE8-17E2-433A-833A-FCC3FB04F9B1}.Debug|Mixed Platforms.Build.0 = Debug|Any CPU
		{DD710EE8-17E2-433A-833A-FCC3FB04F9B1}.Debug|x86.ActiveCfg = Debug|Any CPU
		{DD710EE8-17E2-433A-833A-FCC3FB04F9B1}.net461|Any CPU.ActiveCfg = Release|Any CPU
		{DD710EE8-17E2-433A-833A-FCC3FB04F9B1}.net461|Any CPU.Build.0 = Release|Any CPU
		{DD710EE8-17E2-433A-833A-FCC3FB04F9B1}.net461|Mixed Platforms.ActiveCfg = Release|Any CPU
		{DD710EE8-17E2-433A-833A-FCC3FB04F9B1}.net461|Mixed Platforms.Build.0 = Release|Any CPU
		{DD710EE8-17E2-433A-833A-FCC3FB04F9B1}.net461|x86.ActiveCfg = Release|Any CPU
		{DD710EE8-17E2-433A-833A-FCC3FB04F9B1}.net461|x86.Build.0 = Release|Any CPU
		{DD710EE8-17E2-433A-833A-FCC3FB04F9B1}.net472|Any CPU.ActiveCfg = Release|Any CPU
		{DD710EE8-17E2-433A-833A-FCC3FB04F9B1}.net472|Any CPU.Build.0 = Release|Any CPU
		{DD710EE8-17E2-433A-833A-FCC3FB04F9B1}.net472|Mixed Platforms.ActiveCfg = Release|Any CPU
		{DD710EE8-17E2-433A-833A-FCC3FB04F9B1}.net472|Mixed Platforms.Build.0 = Release|Any CPU
		{DD710EE8-17E2-433A-833A-FCC3FB04F9B1}.net472|x86.ActiveCfg = Release|Any CPU
		{DD710EE8-17E2-433A-833A-FCC3FB04F9B1}.net472|x86.Build.0 = Release|Any CPU
		{DD710EE8-17E2-433A-833A-FCC3FB04F9B1}.netstandard2.0|Any CPU.ActiveCfg = Release|Any CPU
		{DD710EE8-17E2-433A-833A-FCC3FB04F9B1}.netstandard2.0|Any CPU.Build.0 = Release|Any CPU
		{DD710EE8-17E2-433A-833A-FCC3FB04F9B1}.netstandard2.0|Mixed Platforms.ActiveCfg = Release|Any CPU
		{DD710EE8-17E2-433A-833A-FCC3FB04F9B1}.netstandard2.0|Mixed Platforms.Build.0 = Release|Any CPU
		{DD710EE8-17E2-433A-833A-FCC3FB04F9B1}.netstandard2.0|x86.ActiveCfg = Release|Any CPU
		{DD710EE8-17E2-433A-833A-FCC3FB04F9B1}.netstandard2.0|x86.Build.0 = Release|Any CPU
		{DD710EE8-17E2-433A-833A-FCC3FB04F9B1}.Release|Any CPU.ActiveCfg = Release|Any CPU
		{DD710EE8-17E2-433A-833A-FCC3FB04F9B1}.Release|Any CPU.Build.0 = Release|Any CPU
		{DD710EE8-17E2-433A-833A-FCC3FB04F9B1}.Release|Mixed Platforms.ActiveCfg = Release|Any CPU
		{DD710EE8-17E2-433A-833A-FCC3FB04F9B1}.Release|Mixed Platforms.Build.0 = Release|Any CPU
		{DD710EE8-17E2-433A-833A-FCC3FB04F9B1}.Release|x86.ActiveCfg = Release|Any CPU
		{F9C4B669-E10B-44C4-8ED4-85CEAAFC4126}.Debug|Any CPU.ActiveCfg = Debug|Any CPU
		{F9C4B669-E10B-44C4-8ED4-85CEAAFC4126}.Debug|Any CPU.Build.0 = Debug|Any CPU
		{F9C4B669-E10B-44C4-8ED4-85CEAAFC4126}.Debug|Mixed Platforms.ActiveCfg = Debug|Any CPU
		{F9C4B669-E10B-44C4-8ED4-85CEAAFC4126}.Debug|Mixed Platforms.Build.0 = Debug|Any CPU
		{F9C4B669-E10B-44C4-8ED4-85CEAAFC4126}.Debug|x86.ActiveCfg = Debug|Any CPU
		{F9C4B669-E10B-44C4-8ED4-85CEAAFC4126}.Debug|x86.Build.0 = Debug|Any CPU
		{F9C4B669-E10B-44C4-8ED4-85CEAAFC4126}.net461|Any CPU.ActiveCfg = Release|Any CPU
		{F9C4B669-E10B-44C4-8ED4-85CEAAFC4126}.net461|Any CPU.Build.0 = Release|Any CPU
		{F9C4B669-E10B-44C4-8ED4-85CEAAFC4126}.net461|Mixed Platforms.ActiveCfg = Release|Any CPU
		{F9C4B669-E10B-44C4-8ED4-85CEAAFC4126}.net461|Mixed Platforms.Build.0 = Release|Any CPU
		{F9C4B669-E10B-44C4-8ED4-85CEAAFC4126}.net461|x86.ActiveCfg = Release|Any CPU
		{F9C4B669-E10B-44C4-8ED4-85CEAAFC4126}.net461|x86.Build.0 = Release|Any CPU
		{F9C4B669-E10B-44C4-8ED4-85CEAAFC4126}.net472|Any CPU.ActiveCfg = Release|Any CPU
		{F9C4B669-E10B-44C4-8ED4-85CEAAFC4126}.net472|Any CPU.Build.0 = Release|Any CPU
		{F9C4B669-E10B-44C4-8ED4-85CEAAFC4126}.net472|Mixed Platforms.ActiveCfg = Release|Any CPU
		{F9C4B669-E10B-44C4-8ED4-85CEAAFC4126}.net472|Mixed Platforms.Build.0 = Release|Any CPU
		{F9C4B669-E10B-44C4-8ED4-85CEAAFC4126}.net472|x86.ActiveCfg = Release|Any CPU
		{F9C4B669-E10B-44C4-8ED4-85CEAAFC4126}.net472|x86.Build.0 = Release|Any CPU
		{F9C4B669-E10B-44C4-8ED4-85CEAAFC4126}.netstandard2.0|Any CPU.ActiveCfg = Release|Any CPU
		{F9C4B669-E10B-44C4-8ED4-85CEAAFC4126}.netstandard2.0|Any CPU.Build.0 = Release|Any CPU
		{F9C4B669-E10B-44C4-8ED4-85CEAAFC4126}.netstandard2.0|Mixed Platforms.ActiveCfg = Release|Any CPU
		{F9C4B669-E10B-44C4-8ED4-85CEAAFC4126}.netstandard2.0|Mixed Platforms.Build.0 = Release|Any CPU
		{F9C4B669-E10B-44C4-8ED4-85CEAAFC4126}.netstandard2.0|x86.ActiveCfg = Release|Any CPU
		{F9C4B669-E10B-44C4-8ED4-85CEAAFC4126}.netstandard2.0|x86.Build.0 = Release|Any CPU
		{F9C4B669-E10B-44C4-8ED4-85CEAAFC4126}.Release|Any CPU.ActiveCfg = Release|Any CPU
		{F9C4B669-E10B-44C4-8ED4-85CEAAFC4126}.Release|Any CPU.Build.0 = Release|Any CPU
		{F9C4B669-E10B-44C4-8ED4-85CEAAFC4126}.Release|Mixed Platforms.ActiveCfg = Release|Any CPU
		{F9C4B669-E10B-44C4-8ED4-85CEAAFC4126}.Release|Mixed Platforms.Build.0 = Release|Any CPU
		{F9C4B669-E10B-44C4-8ED4-85CEAAFC4126}.Release|x86.ActiveCfg = Release|Any CPU
		{F9C4B669-E10B-44C4-8ED4-85CEAAFC4126}.Release|x86.Build.0 = Release|Any CPU
		{D183A5CA-B8A4-4286-A765-EED1B148547B}.Debug|Any CPU.ActiveCfg = Debug|Any CPU
		{D183A5CA-B8A4-4286-A765-EED1B148547B}.Debug|Any CPU.Build.0 = Debug|Any CPU
		{D183A5CA-B8A4-4286-A765-EED1B148547B}.Debug|Mixed Platforms.ActiveCfg = Debug|Any CPU
		{D183A5CA-B8A4-4286-A765-EED1B148547B}.Debug|Mixed Platforms.Build.0 = Debug|Any CPU
		{D183A5CA-B8A4-4286-A765-EED1B148547B}.Debug|x86.ActiveCfg = Debug|Any CPU
		{D183A5CA-B8A4-4286-A765-EED1B148547B}.Debug|x86.Build.0 = Debug|Any CPU
		{D183A5CA-B8A4-4286-A765-EED1B148547B}.net461|Any CPU.ActiveCfg = Release|Any CPU
		{D183A5CA-B8A4-4286-A765-EED1B148547B}.net461|Any CPU.Build.0 = Release|Any CPU
		{D183A5CA-B8A4-4286-A765-EED1B148547B}.net461|Mixed Platforms.ActiveCfg = Release|Any CPU
		{D183A5CA-B8A4-4286-A765-EED1B148547B}.net461|Mixed Platforms.Build.0 = Release|Any CPU
		{D183A5CA-B8A4-4286-A765-EED1B148547B}.net461|x86.ActiveCfg = Release|Any CPU
		{D183A5CA-B8A4-4286-A765-EED1B148547B}.net461|x86.Build.0 = Release|Any CPU
		{D183A5CA-B8A4-4286-A765-EED1B148547B}.net472|Any CPU.ActiveCfg = Release|Any CPU
		{D183A5CA-B8A4-4286-A765-EED1B148547B}.net472|Any CPU.Build.0 = Release|Any CPU
		{D183A5CA-B8A4-4286-A765-EED1B148547B}.net472|Mixed Platforms.ActiveCfg = Release|Any CPU
		{D183A5CA-B8A4-4286-A765-EED1B148547B}.net472|Mixed Platforms.Build.0 = Release|Any CPU
		{D183A5CA-B8A4-4286-A765-EED1B148547B}.net472|x86.ActiveCfg = Release|Any CPU
		{D183A5CA-B8A4-4286-A765-EED1B148547B}.net472|x86.Build.0 = Release|Any CPU
		{D183A5CA-B8A4-4286-A765-EED1B148547B}.netstandard2.0|Any CPU.ActiveCfg = Release|Any CPU
		{D183A5CA-B8A4-4286-A765-EED1B148547B}.netstandard2.0|Any CPU.Build.0 = Release|Any CPU
		{D183A5CA-B8A4-4286-A765-EED1B148547B}.netstandard2.0|Mixed Platforms.ActiveCfg = Release|Any CPU
		{D183A5CA-B8A4-4286-A765-EED1B148547B}.netstandard2.0|Mixed Platforms.Build.0 = Release|Any CPU
		{D183A5CA-B8A4-4286-A765-EED1B148547B}.netstandard2.0|x86.ActiveCfg = Release|Any CPU
		{D183A5CA-B8A4-4286-A765-EED1B148547B}.netstandard2.0|x86.Build.0 = Release|Any CPU
		{D183A5CA-B8A4-4286-A765-EED1B148547B}.Release|Any CPU.ActiveCfg = Release|Any CPU
		{D183A5CA-B8A4-4286-A765-EED1B148547B}.Release|Any CPU.Build.0 = Release|Any CPU
		{D183A5CA-B8A4-4286-A765-EED1B148547B}.Release|Mixed Platforms.ActiveCfg = Release|Any CPU
		{D183A5CA-B8A4-4286-A765-EED1B148547B}.Release|Mixed Platforms.Build.0 = Release|Any CPU
		{D183A5CA-B8A4-4286-A765-EED1B148547B}.Release|x86.ActiveCfg = Release|Any CPU
		{D183A5CA-B8A4-4286-A765-EED1B148547B}.Release|x86.Build.0 = Release|Any CPU
		{160733CB-F539-4545-BEF4-F57176FD12DE}.Debug|Any CPU.ActiveCfg = Debug|Any CPU
		{160733CB-F539-4545-BEF4-F57176FD12DE}.Debug|Any CPU.Build.0 = Debug|Any CPU
		{160733CB-F539-4545-BEF4-F57176FD12DE}.Debug|Mixed Platforms.ActiveCfg = Debug|Any CPU
		{160733CB-F539-4545-BEF4-F57176FD12DE}.Debug|Mixed Platforms.Build.0 = Debug|Any CPU
		{160733CB-F539-4545-BEF4-F57176FD12DE}.Debug|x86.ActiveCfg = Debug|Any CPU
		{160733CB-F539-4545-BEF4-F57176FD12DE}.Debug|x86.Build.0 = Debug|Any CPU
		{160733CB-F539-4545-BEF4-F57176FD12DE}.net461|Any CPU.ActiveCfg = Release|Any CPU
		{160733CB-F539-4545-BEF4-F57176FD12DE}.net461|Any CPU.Build.0 = Release|Any CPU
		{160733CB-F539-4545-BEF4-F57176FD12DE}.net461|Mixed Platforms.ActiveCfg = Release|Any CPU
		{160733CB-F539-4545-BEF4-F57176FD12DE}.net461|Mixed Platforms.Build.0 = Release|Any CPU
		{160733CB-F539-4545-BEF4-F57176FD12DE}.net461|x86.ActiveCfg = Release|Any CPU
		{160733CB-F539-4545-BEF4-F57176FD12DE}.net461|x86.Build.0 = Release|Any CPU
		{160733CB-F539-4545-BEF4-F57176FD12DE}.net472|Any CPU.ActiveCfg = Release|Any CPU
		{160733CB-F539-4545-BEF4-F57176FD12DE}.net472|Any CPU.Build.0 = Release|Any CPU
		{160733CB-F539-4545-BEF4-F57176FD12DE}.net472|Mixed Platforms.ActiveCfg = Release|Any CPU
		{160733CB-F539-4545-BEF4-F57176FD12DE}.net472|Mixed Platforms.Build.0 = Release|Any CPU
		{160733CB-F539-4545-BEF4-F57176FD12DE}.net472|x86.ActiveCfg = Release|Any CPU
		{160733CB-F539-4545-BEF4-F57176FD12DE}.net472|x86.Build.0 = Release|Any CPU
		{160733CB-F539-4545-BEF4-F57176FD12DE}.netstandard2.0|Any CPU.ActiveCfg = Release|Any CPU
		{160733CB-F539-4545-BEF4-F57176FD12DE}.netstandard2.0|Any CPU.Build.0 = Release|Any CPU
		{160733CB-F539-4545-BEF4-F57176FD12DE}.netstandard2.0|Mixed Platforms.ActiveCfg = Release|Any CPU
		{160733CB-F539-4545-BEF4-F57176FD12DE}.netstandard2.0|Mixed Platforms.Build.0 = Release|Any CPU
		{160733CB-F539-4545-BEF4-F57176FD12DE}.netstandard2.0|x86.ActiveCfg = Release|Any CPU
		{160733CB-F539-4545-BEF4-F57176FD12DE}.netstandard2.0|x86.Build.0 = Release|Any CPU
		{160733CB-F539-4545-BEF4-F57176FD12DE}.Release|Any CPU.ActiveCfg = Release|Any CPU
		{160733CB-F539-4545-BEF4-F57176FD12DE}.Release|Any CPU.Build.0 = Release|Any CPU
		{160733CB-F539-4545-BEF4-F57176FD12DE}.Release|Mixed Platforms.ActiveCfg = Release|Any CPU
		{160733CB-F539-4545-BEF4-F57176FD12DE}.Release|Mixed Platforms.Build.0 = Release|Any CPU
		{160733CB-F539-4545-BEF4-F57176FD12DE}.Release|x86.ActiveCfg = Release|Any CPU
		{160733CB-F539-4545-BEF4-F57176FD12DE}.Release|x86.Build.0 = Release|Any CPU
		{C7499C40-3068-4B1F-921C-3D63DA9A94EC}.Debug|Any CPU.ActiveCfg = Debug|Any CPU
		{C7499C40-3068-4B1F-921C-3D63DA9A94EC}.Debug|Any CPU.Build.0 = Debug|Any CPU
		{C7499C40-3068-4B1F-921C-3D63DA9A94EC}.Debug|Mixed Platforms.ActiveCfg = Debug|Any CPU
		{C7499C40-3068-4B1F-921C-3D63DA9A94EC}.Debug|Mixed Platforms.Build.0 = Debug|Any CPU
		{C7499C40-3068-4B1F-921C-3D63DA9A94EC}.Debug|x86.ActiveCfg = Debug|Any CPU
		{C7499C40-3068-4B1F-921C-3D63DA9A94EC}.Debug|x86.Build.0 = Debug|Any CPU
		{C7499C40-3068-4B1F-921C-3D63DA9A94EC}.net461|Any CPU.ActiveCfg = Release|Any CPU
		{C7499C40-3068-4B1F-921C-3D63DA9A94EC}.net461|Any CPU.Build.0 = Release|Any CPU
		{C7499C40-3068-4B1F-921C-3D63DA9A94EC}.net461|Mixed Platforms.ActiveCfg = Release|Any CPU
		{C7499C40-3068-4B1F-921C-3D63DA9A94EC}.net461|Mixed Platforms.Build.0 = Release|Any CPU
		{C7499C40-3068-4B1F-921C-3D63DA9A94EC}.net461|x86.ActiveCfg = Release|Any CPU
		{C7499C40-3068-4B1F-921C-3D63DA9A94EC}.net461|x86.Build.0 = Release|Any CPU
		{C7499C40-3068-4B1F-921C-3D63DA9A94EC}.net472|Any CPU.ActiveCfg = Release|Any CPU
		{C7499C40-3068-4B1F-921C-3D63DA9A94EC}.net472|Any CPU.Build.0 = Release|Any CPU
		{C7499C40-3068-4B1F-921C-3D63DA9A94EC}.net472|Mixed Platforms.ActiveCfg = Release|Any CPU
		{C7499C40-3068-4B1F-921C-3D63DA9A94EC}.net472|Mixed Platforms.Build.0 = Release|Any CPU
		{C7499C40-3068-4B1F-921C-3D63DA9A94EC}.net472|x86.ActiveCfg = Release|Any CPU
		{C7499C40-3068-4B1F-921C-3D63DA9A94EC}.net472|x86.Build.0 = Release|Any CPU
		{C7499C40-3068-4B1F-921C-3D63DA9A94EC}.netstandard2.0|Any CPU.ActiveCfg = Release|Any CPU
		{C7499C40-3068-4B1F-921C-3D63DA9A94EC}.netstandard2.0|Any CPU.Build.0 = Release|Any CPU
		{C7499C40-3068-4B1F-921C-3D63DA9A94EC}.netstandard2.0|Mixed Platforms.ActiveCfg = Release|Any CPU
		{C7499C40-3068-4B1F-921C-3D63DA9A94EC}.netstandard2.0|Mixed Platforms.Build.0 = Release|Any CPU
		{C7499C40-3068-4B1F-921C-3D63DA9A94EC}.netstandard2.0|x86.ActiveCfg = Release|Any CPU
		{C7499C40-3068-4B1F-921C-3D63DA9A94EC}.netstandard2.0|x86.Build.0 = Release|Any CPU
		{C7499C40-3068-4B1F-921C-3D63DA9A94EC}.Release|Any CPU.ActiveCfg = Release|Any CPU
		{C7499C40-3068-4B1F-921C-3D63DA9A94EC}.Release|Any CPU.Build.0 = Release|Any CPU
		{C7499C40-3068-4B1F-921C-3D63DA9A94EC}.Release|Mixed Platforms.ActiveCfg = Release|Any CPU
		{C7499C40-3068-4B1F-921C-3D63DA9A94EC}.Release|Mixed Platforms.Build.0 = Release|Any CPU
		{C7499C40-3068-4B1F-921C-3D63DA9A94EC}.Release|x86.ActiveCfg = Release|Any CPU
		{C7499C40-3068-4B1F-921C-3D63DA9A94EC}.Release|x86.Build.0 = Release|Any CPU
		{494E9C14-07CA-4CF3-AFD8-6C8D68F250C7}.Debug|Any CPU.ActiveCfg = Debug|Any CPU
		{494E9C14-07CA-4CF3-AFD8-6C8D68F250C7}.Debug|Any CPU.Build.0 = Debug|Any CPU
		{494E9C14-07CA-4CF3-AFD8-6C8D68F250C7}.Debug|Mixed Platforms.ActiveCfg = Debug|Any CPU
		{494E9C14-07CA-4CF3-AFD8-6C8D68F250C7}.Debug|Mixed Platforms.Build.0 = Debug|Any CPU
		{494E9C14-07CA-4CF3-AFD8-6C8D68F250C7}.Debug|x86.ActiveCfg = Debug|Any CPU
		{494E9C14-07CA-4CF3-AFD8-6C8D68F250C7}.Debug|x86.Build.0 = Debug|Any CPU
		{494E9C14-07CA-4CF3-AFD8-6C8D68F250C7}.net461|Any CPU.ActiveCfg = Debug|Any CPU
		{494E9C14-07CA-4CF3-AFD8-6C8D68F250C7}.net461|Any CPU.Build.0 = Debug|Any CPU
		{494E9C14-07CA-4CF3-AFD8-6C8D68F250C7}.net461|Mixed Platforms.ActiveCfg = Debug|Any CPU
		{494E9C14-07CA-4CF3-AFD8-6C8D68F250C7}.net461|Mixed Platforms.Build.0 = Debug|Any CPU
		{494E9C14-07CA-4CF3-AFD8-6C8D68F250C7}.net461|x86.ActiveCfg = Debug|Any CPU
		{494E9C14-07CA-4CF3-AFD8-6C8D68F250C7}.net461|x86.Build.0 = Debug|Any CPU
		{494E9C14-07CA-4CF3-AFD8-6C8D68F250C7}.net472|Any CPU.ActiveCfg = Debug|Any CPU
		{494E9C14-07CA-4CF3-AFD8-6C8D68F250C7}.net472|Any CPU.Build.0 = Debug|Any CPU
		{494E9C14-07CA-4CF3-AFD8-6C8D68F250C7}.net472|Mixed Platforms.ActiveCfg = Debug|Any CPU
		{494E9C14-07CA-4CF3-AFD8-6C8D68F250C7}.net472|Mixed Platforms.Build.0 = Debug|Any CPU
		{494E9C14-07CA-4CF3-AFD8-6C8D68F250C7}.net472|x86.ActiveCfg = Debug|Any CPU
		{494E9C14-07CA-4CF3-AFD8-6C8D68F250C7}.net472|x86.Build.0 = Debug|Any CPU
		{494E9C14-07CA-4CF3-AFD8-6C8D68F250C7}.netstandard2.0|Any CPU.ActiveCfg = Debug|Any CPU
		{494E9C14-07CA-4CF3-AFD8-6C8D68F250C7}.netstandard2.0|Any CPU.Build.0 = Debug|Any CPU
		{494E9C14-07CA-4CF3-AFD8-6C8D68F250C7}.netstandard2.0|Mixed Platforms.ActiveCfg = Debug|Any CPU
		{494E9C14-07CA-4CF3-AFD8-6C8D68F250C7}.netstandard2.0|Mixed Platforms.Build.0 = Debug|Any CPU
		{494E9C14-07CA-4CF3-AFD8-6C8D68F250C7}.netstandard2.0|x86.ActiveCfg = Debug|Any CPU
		{494E9C14-07CA-4CF3-AFD8-6C8D68F250C7}.netstandard2.0|x86.Build.0 = Debug|Any CPU
		{494E9C14-07CA-4CF3-AFD8-6C8D68F250C7}.Release|Any CPU.ActiveCfg = Release|Any CPU
		{494E9C14-07CA-4CF3-AFD8-6C8D68F250C7}.Release|Any CPU.Build.0 = Release|Any CPU
		{494E9C14-07CA-4CF3-AFD8-6C8D68F250C7}.Release|Mixed Platforms.ActiveCfg = Release|Any CPU
		{494E9C14-07CA-4CF3-AFD8-6C8D68F250C7}.Release|Mixed Platforms.Build.0 = Release|Any CPU
		{494E9C14-07CA-4CF3-AFD8-6C8D68F250C7}.Release|x86.ActiveCfg = Release|Any CPU
		{494E9C14-07CA-4CF3-AFD8-6C8D68F250C7}.Release|x86.Build.0 = Release|Any CPU
	EndGlobalSection
	GlobalSection(SolutionProperties) = preSolution
		HideSolutionNode = FALSE
	EndGlobalSection
	GlobalSection(NestedProjects) = preSolution
		{697C38AE-D094-4D77-BD08-C15BD1B2BB7B} = {D1049A30-DC40-4FC8-923D-AF59779D1F94}
		{34F2D8E7-2239-4EE0-AE53-3B8F6B0513BB} = {8A94E382-5E13-467F-9564-FFE47D0B4646}
		{1A06430B-308C-49CF-9620-70D4F7D8A501} = {8A94E382-5E13-467F-9564-FFE47D0B4646}
		{0C815166-B7AC-45DF-AA48-0B026687228E} = {8A94E382-5E13-467F-9564-FFE47D0B4646}
		{2A5A9D95-9CE2-4726-A9E2-606838ABDCD1} = {697C38AE-D094-4D77-BD08-C15BD1B2BB7B}
		{D479AB56-8F3E-4C3E-B641-048B3552DDA9} = {697C38AE-D094-4D77-BD08-C15BD1B2BB7B}
		{2147FC87-D172-40A6-9D54-181515DAF7AC} = {8A94E382-5E13-467F-9564-FFE47D0B4646}
		{12D82D75-ECEE-459D-A820-B6CD95B24449} = {8A94E382-5E13-467F-9564-FFE47D0B4646}
		{E54BBDFF-F3FB-4497-ACEC-7BC6F4404F71} = {8A94E382-5E13-467F-9564-FFE47D0B4646}
		{B66D0AB3-36DF-4E0A-83E0-772D31C6108C} = {711574A5-0FC7-4F42-BBBF-1CEBCF6E7C68}
		{43C587BD-F5EE-46B8-A52A-BBD3CA6C1C74} = {697C38AE-D094-4D77-BD08-C15BD1B2BB7B}
		{F9091E69-5EB8-4405-A85F-DD4307560C9A} = {697C38AE-D094-4D77-BD08-C15BD1B2BB7B}
		{DD710EE8-17E2-433A-833A-FCC3FB04F9B1} = {697C38AE-D094-4D77-BD08-C15BD1B2BB7B}
		{F9C4B669-E10B-44C4-8ED4-85CEAAFC4126} = {1438B09F-C188-4F16-A00B-B037D8DD271C}
		{D183A5CA-B8A4-4286-A765-EED1B148547B} = {697C38AE-D094-4D77-BD08-C15BD1B2BB7B}
		{160733CB-F539-4545-BEF4-F57176FD12DE} = {D65F7456-F8DB-4EC0-8C03-C22961C80649}
		{C7499C40-3068-4B1F-921C-3D63DA9A94EC} = {DEC31404-E957-447F-9E31-D80F64D708F5}
		{494E9C14-07CA-4CF3-AFD8-6C8D68F250C7} = {1438B09F-C188-4F16-A00B-B037D8DD271C}
	EndGlobalSection
	GlobalSection(ExtensibilityGlobals) = postSolution
		SolutionGuid = {D58CF63B-6932-4503-893A-42C15952609D}
	EndGlobalSection
	GlobalSection(TestCaseManagementSettings) = postSolution
		CategoryFile = IppDotNetDevKitCSV3.vsmdi
	EndGlobalSection
EndGlobal
